// !$*UTF8*$!
{
	archiveVersion = 1;
	classes = {
	};
	objectVersion = 50;
	objects = {

/* Begin PBXBuildFile section */
		082158DC256702F800E54196 /* OnboardingUI.swift in Sources */ = {isa = PBXBuildFile; fileRef = 082158DB256702F800E54196 /* OnboardingUI.swift */; };
		0831EF9A2553497600D6EFFC /* AppDelegate.swift in Sources */ = {isa = PBXBuildFile; fileRef = 0831EF992553497600D6EFFC /* AppDelegate.swift */; };
		0831EF9C2553497600D6EFFC /* SceneDelegate.swift in Sources */ = {isa = PBXBuildFile; fileRef = 0831EF9B2553497600D6EFFC /* SceneDelegate.swift */; };
		0831EFA12553497600D6EFFC /* Main.storyboard in Resources */ = {isa = PBXBuildFile; fileRef = 0831EF9F2553497600D6EFFC /* Main.storyboard */; };
		0831EFA32553497700D6EFFC /* Assets.xcassets in Resources */ = {isa = PBXBuildFile; fileRef = 0831EFA22553497700D6EFFC /* Assets.xcassets */; };
		0831EFA62553497700D6EFFC /* LaunchScreen.storyboard in Resources */ = {isa = PBXBuildFile; fileRef = 0831EFA42553497700D6EFFC /* LaunchScreen.storyboard */; };
		08631442257704B00083DB37 /* SubCardLink.swift in Sources */ = {isa = PBXBuildFile; fileRef = 08631441257704B00083DB37 /* SubCardLink.swift */; };
		087DCD7225784F96008C1667 /* TrailHosting.swift in Sources */ = {isa = PBXBuildFile; fileRef = 087DCD7125784F96008C1667 /* TrailHosting.swift */; };
		088320B8256DC2B5004D0C9C /* ExtensionColor.swift in Sources */ = {isa = PBXBuildFile; fileRef = 088320B7256DC2B5004D0C9C /* ExtensionColor.swift */; };
		0890AF64256DCB9E00525E41 /* OnboardingViewController.swift in Sources */ = {isa = PBXBuildFile; fileRef = 0890AF63256DCB9E00525E41 /* OnboardingViewController.swift */; };
		08A7104625543A17002CB323 /* Raleway-BoldItalic.ttf in Resources */ = {isa = PBXBuildFile; fileRef = 08A7103425543A17002CB323 /* Raleway-BoldItalic.ttf */; };
		08A7104725543A17002CB323 /* Raleway-MediumItalic.ttf in Resources */ = {isa = PBXBuildFile; fileRef = 08A7103525543A17002CB323 /* Raleway-MediumItalic.ttf */; };
		08A7104825543A17002CB323 /* Raleway-ThinItalic.ttf in Resources */ = {isa = PBXBuildFile; fileRef = 08A7103625543A17002CB323 /* Raleway-ThinItalic.ttf */; };
		08A7104925543A17002CB323 /* Raleway-ExtraLight.ttf in Resources */ = {isa = PBXBuildFile; fileRef = 08A7103725543A17002CB323 /* Raleway-ExtraLight.ttf */; };
		08A7104A25543A17002CB323 /* Raleway-Medium.ttf in Resources */ = {isa = PBXBuildFile; fileRef = 08A7103825543A17002CB323 /* Raleway-Medium.ttf */; };
		08A7104B25543A17002CB323 /* Raleway-SemiBold.ttf in Resources */ = {isa = PBXBuildFile; fileRef = 08A7103925543A17002CB323 /* Raleway-SemiBold.ttf */; };
		08A7104C25543A17002CB323 /* Raleway-ExtraBold.ttf in Resources */ = {isa = PBXBuildFile; fileRef = 08A7103A25543A17002CB323 /* Raleway-ExtraBold.ttf */; };
		08A7104D25543A17002CB323 /* Raleway-ExtraBoldItalic.ttf in Resources */ = {isa = PBXBuildFile; fileRef = 08A7103B25543A17002CB323 /* Raleway-ExtraBoldItalic.ttf */; };
		08A7104E25543A17002CB323 /* Raleway-Regular.ttf in Resources */ = {isa = PBXBuildFile; fileRef = 08A7103C25543A17002CB323 /* Raleway-Regular.ttf */; };
		08A7104F25543A17002CB323 /* Raleway-ExtraLightItalic.ttf in Resources */ = {isa = PBXBuildFile; fileRef = 08A7103D25543A17002CB323 /* Raleway-ExtraLightItalic.ttf */; };
		08A7105025543A17002CB323 /* Raleway-SemiBoldItalic.ttf in Resources */ = {isa = PBXBuildFile; fileRef = 08A7103E25543A17002CB323 /* Raleway-SemiBoldItalic.ttf */; };
		08A7105125543A17002CB323 /* Raleway-Light.ttf in Resources */ = {isa = PBXBuildFile; fileRef = 08A7103F25543A17002CB323 /* Raleway-Light.ttf */; };
		08A7105225543A17002CB323 /* Raleway-Black.ttf in Resources */ = {isa = PBXBuildFile; fileRef = 08A7104025543A17002CB323 /* Raleway-Black.ttf */; };
		08A7105325543A17002CB323 /* Raleway-BlackItalic.ttf in Resources */ = {isa = PBXBuildFile; fileRef = 08A7104125543A17002CB323 /* Raleway-BlackItalic.ttf */; };
		08A7105425543A17002CB323 /* Raleway-LightItalic.ttf in Resources */ = {isa = PBXBuildFile; fileRef = 08A7104225543A17002CB323 /* Raleway-LightItalic.ttf */; };
		08A7105525543A17002CB323 /* Raleway-Thin.ttf in Resources */ = {isa = PBXBuildFile; fileRef = 08A7104325543A17002CB323 /* Raleway-Thin.ttf */; };
		08A7105625543A17002CB323 /* Raleway-Italic.ttf in Resources */ = {isa = PBXBuildFile; fileRef = 08A7104425543A17002CB323 /* Raleway-Italic.ttf */; };
		08A7105725543A17002CB323 /* Raleway-Bold.ttf in Resources */ = {isa = PBXBuildFile; fileRef = 08A7104525543A17002CB323 /* Raleway-Bold.ttf */; };
		08DD49002564898E00BEF67C /* MacroAreaUI.swift in Sources */ = {isa = PBXBuildFile; fileRef = 08DD48FF2564898E00BEF67C /* MacroAreaUI.swift */; };
		08FB145A256306DE0045919B /* StudentMentorUI.swift in Sources */ = {isa = PBXBuildFile; fileRef = 08FB1459256306DE0045919B /* StudentMentorUI.swift */; };
		08FB145D25630E720045919B /* StudentMentorViewController.swift in Sources */ = {isa = PBXBuildFile; fileRef = 08FB145C25630E720045919B /* StudentMentorViewController.swift */; };
		08FB1460256327F60045919B /* MacroAreaViewController.swift in Sources */ = {isa = PBXBuildFile; fileRef = 08FB145F256327F60045919B /* MacroAreaViewController.swift */; };
		4741B04925702A90008B0873 /* CardCategoryViewController.swift in Sources */ = {isa = PBXBuildFile; fileRef = 4741B04825702A90008B0873 /* CardCategoryViewController.swift */; };
		4780500325630A4F0004919D /* CategoryView.swift in Sources */ = {isa = PBXBuildFile; fileRef = 4780500225630A4F0004919D /* CategoryView.swift */; };
		47A2FC822565BB9E00A5013E /* Category.swift in Sources */ = {isa = PBXBuildFile; fileRef = 47A2FC812565BB9E00A5013E /* Category.swift */; };
		47A2FC852565BBBC00A5013E /* Student.swift in Sources */ = {isa = PBXBuildFile; fileRef = 47A2FC842565BBBC00A5013E /* Student.swift */; };
		47A2FC882565BBCE00A5013E /* Mentor.swift in Sources */ = {isa = PBXBuildFile; fileRef = 47A2FC872565BBCE00A5013E /* Mentor.swift */; };
		47A2FC8B2565BBF800A5013E /* Subcategory.swift in Sources */ = {isa = PBXBuildFile; fileRef = 47A2FC8A2565BBF800A5013E /* Subcategory.swift */; };
		47A2FC8E2565BC0A00A5013E /* Link.swift in Sources */ = {isa = PBXBuildFile; fileRef = 47A2FC8D2565BC0A00A5013E /* Link.swift */; };
		47A2FC912565BC2900A5013E /* Favorite.swift in Sources */ = {isa = PBXBuildFile; fileRef = 47A2FC902565BC2900A5013E /* Favorite.swift */; };
		47A2FCA1256D9A8000A5013E /* SubcategoryView.swift in Sources */ = {isa = PBXBuildFile; fileRef = 47A2FCA0256D9A8000A5013E /* SubcategoryView.swift */; };
		47A2FCA5256D9BFA00A5013E /* Data.swift in Sources */ = {isa = PBXBuildFile; fileRef = 47A2FCA4256D9BF900A5013E /* Data.swift */; };
		47F3F00025636F160007B7B1 /* CardLink.swift in Sources */ = {isa = PBXBuildFile; fileRef = 47F3EFFF25636F160007B7B1 /* CardLink.swift */; };
		47F3F00325637AF80007B7B1 /* CardCategory.swift in Sources */ = {isa = PBXBuildFile; fileRef = 47F3F00225637AF80007B7B1 /* CardCategory.swift */; };
		65D0491140E1507108E211F7 /* Pods_TiGuia.framework in Frameworks */ = {isa = PBXBuildFile; fileRef = ADB1C8E3F18B32085B059A10 /* Pods_TiGuia.framework */; };
		8B3DAF4C25645094002FEE6E /* FavoriteList.swift in Sources */ = {isa = PBXBuildFile; fileRef = 8B3DAF4B25645094002FEE6E /* FavoriteList.swift */; };
		8B8CC9562571911B00489CFB /* SubcategoryViewController.swift in Sources */ = {isa = PBXBuildFile; fileRef = 8B8CC9552571911B00489CFB /* SubcategoryViewController.swift */; };
		8BF09B862562FB8300D881D9 /* FavoriteViewController.swift in Sources */ = {isa = PBXBuildFile; fileRef = 8BF09B852562FB8300D881D9 /* FavoriteViewController.swift */; };
/* End PBXBuildFile section */

/* Begin PBXFileReference section */
		082158DB256702F800E54196 /* OnboardingUI.swift */ = {isa = PBXFileReference; lastKnownFileType = sourcecode.swift; path = OnboardingUI.swift; sourceTree = "<group>"; };
		0831EF962553497600D6EFFC /* TiGuia.app */ = {isa = PBXFileReference; explicitFileType = wrapper.application; includeInIndex = 0; path = TiGuia.app; sourceTree = BUILT_PRODUCTS_DIR; };
		0831EF992553497600D6EFFC /* AppDelegate.swift */ = {isa = PBXFileReference; lastKnownFileType = sourcecode.swift; path = AppDelegate.swift; sourceTree = "<group>"; };
		0831EF9B2553497600D6EFFC /* SceneDelegate.swift */ = {isa = PBXFileReference; lastKnownFileType = sourcecode.swift; path = SceneDelegate.swift; sourceTree = "<group>"; };
		0831EFA02553497600D6EFFC /* Base */ = {isa = PBXFileReference; lastKnownFileType = file.storyboard; name = Base; path = Base.lproj/Main.storyboard; sourceTree = "<group>"; };
		0831EFA22553497700D6EFFC /* Assets.xcassets */ = {isa = PBXFileReference; lastKnownFileType = folder.assetcatalog; path = Assets.xcassets; sourceTree = "<group>"; };
		0831EFA52553497700D6EFFC /* Base */ = {isa = PBXFileReference; lastKnownFileType = file.storyboard; name = Base; path = Base.lproj/LaunchScreen.storyboard; sourceTree = "<group>"; };
		0831EFA72553497700D6EFFC /* Info.plist */ = {isa = PBXFileReference; lastKnownFileType = text.plist.xml; path = Info.plist; sourceTree = "<group>"; };
		08631441257704B00083DB37 /* SubCardLink.swift */ = {isa = PBXFileReference; lastKnownFileType = sourcecode.swift; path = SubCardLink.swift; sourceTree = "<group>"; };
		087DCD7125784F96008C1667 /* TrailHosting.swift */ = {isa = PBXFileReference; lastKnownFileType = sourcecode.swift; path = TrailHosting.swift; sourceTree = "<group>"; };
		088320B7256DC2B5004D0C9C /* ExtensionColor.swift */ = {isa = PBXFileReference; lastKnownFileType = sourcecode.swift; path = ExtensionColor.swift; sourceTree = "<group>"; };
		0890AF63256DCB9E00525E41 /* OnboardingViewController.swift */ = {isa = PBXFileReference; lastKnownFileType = sourcecode.swift; path = OnboardingViewController.swift; sourceTree = "<group>"; };
		08A7103425543A17002CB323 /* Raleway-BoldItalic.ttf */ = {isa = PBXFileReference; lastKnownFileType = file; path = "Raleway-BoldItalic.ttf"; sourceTree = "<group>"; };
		08A7103525543A17002CB323 /* Raleway-MediumItalic.ttf */ = {isa = PBXFileReference; lastKnownFileType = file; path = "Raleway-MediumItalic.ttf"; sourceTree = "<group>"; };
		08A7103625543A17002CB323 /* Raleway-ThinItalic.ttf */ = {isa = PBXFileReference; lastKnownFileType = file; path = "Raleway-ThinItalic.ttf"; sourceTree = "<group>"; };
		08A7103725543A17002CB323 /* Raleway-ExtraLight.ttf */ = {isa = PBXFileReference; lastKnownFileType = file; path = "Raleway-ExtraLight.ttf"; sourceTree = "<group>"; };
		08A7103825543A17002CB323 /* Raleway-Medium.ttf */ = {isa = PBXFileReference; lastKnownFileType = file; path = "Raleway-Medium.ttf"; sourceTree = "<group>"; };
		08A7103925543A17002CB323 /* Raleway-SemiBold.ttf */ = {isa = PBXFileReference; lastKnownFileType = file; path = "Raleway-SemiBold.ttf"; sourceTree = "<group>"; };
		08A7103A25543A17002CB323 /* Raleway-ExtraBold.ttf */ = {isa = PBXFileReference; lastKnownFileType = file; path = "Raleway-ExtraBold.ttf"; sourceTree = "<group>"; };
		08A7103B25543A17002CB323 /* Raleway-ExtraBoldItalic.ttf */ = {isa = PBXFileReference; lastKnownFileType = file; path = "Raleway-ExtraBoldItalic.ttf"; sourceTree = "<group>"; };
		08A7103C25543A17002CB323 /* Raleway-Regular.ttf */ = {isa = PBXFileReference; lastKnownFileType = file; path = "Raleway-Regular.ttf"; sourceTree = "<group>"; };
		08A7103D25543A17002CB323 /* Raleway-ExtraLightItalic.ttf */ = {isa = PBXFileReference; lastKnownFileType = file; path = "Raleway-ExtraLightItalic.ttf"; sourceTree = "<group>"; };
		08A7103E25543A17002CB323 /* Raleway-SemiBoldItalic.ttf */ = {isa = PBXFileReference; lastKnownFileType = file; path = "Raleway-SemiBoldItalic.ttf"; sourceTree = "<group>"; };
		08A7103F25543A17002CB323 /* Raleway-Light.ttf */ = {isa = PBXFileReference; lastKnownFileType = file; path = "Raleway-Light.ttf"; sourceTree = "<group>"; };
		08A7104025543A17002CB323 /* Raleway-Black.ttf */ = {isa = PBXFileReference; lastKnownFileType = file; path = "Raleway-Black.ttf"; sourceTree = "<group>"; };
		08A7104125543A17002CB323 /* Raleway-BlackItalic.ttf */ = {isa = PBXFileReference; lastKnownFileType = file; path = "Raleway-BlackItalic.ttf"; sourceTree = "<group>"; };
		08A7104225543A17002CB323 /* Raleway-LightItalic.ttf */ = {isa = PBXFileReference; lastKnownFileType = file; path = "Raleway-LightItalic.ttf"; sourceTree = "<group>"; };
		08A7104325543A17002CB323 /* Raleway-Thin.ttf */ = {isa = PBXFileReference; lastKnownFileType = file; path = "Raleway-Thin.ttf"; sourceTree = "<group>"; };
		08A7104425543A17002CB323 /* Raleway-Italic.ttf */ = {isa = PBXFileReference; lastKnownFileType = file; path = "Raleway-Italic.ttf"; sourceTree = "<group>"; };
		08A7104525543A17002CB323 /* Raleway-Bold.ttf */ = {isa = PBXFileReference; lastKnownFileType = file; path = "Raleway-Bold.ttf"; sourceTree = "<group>"; };
		08DD48FF2564898E00BEF67C /* MacroAreaUI.swift */ = {isa = PBXFileReference; lastKnownFileType = sourcecode.swift; path = MacroAreaUI.swift; sourceTree = "<group>"; };
		08FB1459256306DE0045919B /* StudentMentorUI.swift */ = {isa = PBXFileReference; lastKnownFileType = sourcecode.swift; path = StudentMentorUI.swift; sourceTree = "<group>"; };
		08FB145C25630E720045919B /* StudentMentorViewController.swift */ = {isa = PBXFileReference; lastKnownFileType = sourcecode.swift; path = StudentMentorViewController.swift; sourceTree = "<group>"; };
		08FB145F256327F60045919B /* MacroAreaViewController.swift */ = {isa = PBXFileReference; lastKnownFileType = sourcecode.swift; path = MacroAreaViewController.swift; sourceTree = "<group>"; };
		34EEFAA7AAED50B9A86EC451 /* Pods-TiGuia.release.xcconfig */ = {isa = PBXFileReference; includeInIndex = 1; lastKnownFileType = text.xcconfig; name = "Pods-TiGuia.release.xcconfig"; path = "Target Support Files/Pods-TiGuia/Pods-TiGuia.release.xcconfig"; sourceTree = "<group>"; };
		4741B04825702A90008B0873 /* CardCategoryViewController.swift */ = {isa = PBXFileReference; lastKnownFileType = sourcecode.swift; path = CardCategoryViewController.swift; sourceTree = "<group>"; };
		4780500225630A4F0004919D /* CategoryView.swift */ = {isa = PBXFileReference; lastKnownFileType = sourcecode.swift; path = CategoryView.swift; sourceTree = "<group>"; };
		47A2FC812565BB9E00A5013E /* Category.swift */ = {isa = PBXFileReference; lastKnownFileType = sourcecode.swift; path = Category.swift; sourceTree = "<group>"; };
		47A2FC842565BBBC00A5013E /* Student.swift */ = {isa = PBXFileReference; lastKnownFileType = sourcecode.swift; path = Student.swift; sourceTree = "<group>"; };
		47A2FC872565BBCE00A5013E /* Mentor.swift */ = {isa = PBXFileReference; lastKnownFileType = sourcecode.swift; path = Mentor.swift; sourceTree = "<group>"; };
		47A2FC8A2565BBF800A5013E /* Subcategory.swift */ = {isa = PBXFileReference; lastKnownFileType = sourcecode.swift; path = Subcategory.swift; sourceTree = "<group>"; };
		47A2FC8D2565BC0A00A5013E /* Link.swift */ = {isa = PBXFileReference; lastKnownFileType = sourcecode.swift; path = Link.swift; sourceTree = "<group>"; };
		47A2FC902565BC2900A5013E /* Favorite.swift */ = {isa = PBXFileReference; lastKnownFileType = sourcecode.swift; path = Favorite.swift; sourceTree = "<group>"; };
		47A2FCA0256D9A8000A5013E /* SubcategoryView.swift */ = {isa = PBXFileReference; lastKnownFileType = sourcecode.swift; path = SubcategoryView.swift; sourceTree = "<group>"; };
		47A2FCA4256D9BF900A5013E /* Data.swift */ = {isa = PBXFileReference; lastKnownFileType = sourcecode.swift; path = Data.swift; sourceTree = "<group>"; };
		47F3EFFF25636F160007B7B1 /* CardLink.swift */ = {isa = PBXFileReference; lastKnownFileType = sourcecode.swift; name = CardLink.swift; path = ../CardLink.swift; sourceTree = "<group>"; };
		47F3F00225637AF80007B7B1 /* CardCategory.swift */ = {isa = PBXFileReference; lastKnownFileType = sourcecode.swift; path = CardCategory.swift; sourceTree = "<group>"; };
		8B3DAF4B25645094002FEE6E /* FavoriteList.swift */ = {isa = PBXFileReference; lastKnownFileType = sourcecode.swift; path = FavoriteList.swift; sourceTree = "<group>"; };
		8B8CC9552571911B00489CFB /* SubcategoryViewController.swift */ = {isa = PBXFileReference; lastKnownFileType = sourcecode.swift; path = SubcategoryViewController.swift; sourceTree = "<group>"; };
		8BF09B852562FB8300D881D9 /* FavoriteViewController.swift */ = {isa = PBXFileReference; lastKnownFileType = sourcecode.swift; path = FavoriteViewController.swift; sourceTree = "<group>"; };
		ADB1C8E3F18B32085B059A10 /* Pods_TiGuia.framework */ = {isa = PBXFileReference; explicitFileType = wrapper.framework; includeInIndex = 0; path = Pods_TiGuia.framework; sourceTree = BUILT_PRODUCTS_DIR; };
		FF9F6E8A65367280734B8D8B /* Pods-TiGuia.debug.xcconfig */ = {isa = PBXFileReference; includeInIndex = 1; lastKnownFileType = text.xcconfig; name = "Pods-TiGuia.debug.xcconfig"; path = "Target Support Files/Pods-TiGuia/Pods-TiGuia.debug.xcconfig"; sourceTree = "<group>"; };
/* End PBXFileReference section */

/* Begin PBXFrameworksBuildPhase section */
		0831EF932553497600D6EFFC /* Frameworks */ = {
			isa = PBXFrameworksBuildPhase;
			buildActionMask = 2147483647;
			files = (
				65D0491140E1507108E211F7 /* Pods_TiGuia.framework in Frameworks */,
			);
			runOnlyForDeploymentPostprocessing = 0;
		};
/* End PBXFrameworksBuildPhase section */

/* Begin PBXGroup section */
		0831EF8D2553497600D6EFFC = {
			isa = PBXGroup;
			children = (
				0831EF982553497600D6EFFC /* TiGuia */,
				0831EF972553497600D6EFFC /* Products */,
				657953A7B58E407686F9EFDE /* Pods */,
				50F284CDA64B0B50DB155990 /* Frameworks */,
			);
			sourceTree = "<group>";
		};
		0831EF972553497600D6EFFC /* Products */ = {
			isa = PBXGroup;
			children = (
				0831EF962553497600D6EFFC /* TiGuia.app */,
			);
			name = Products;
			sourceTree = "<group>";
		};
		0831EF982553497600D6EFFC /* TiGuia */ = {
			isa = PBXGroup;
			children = (
				47A2FC7E2565BB5300A5013E /* Model */,
				47A2FC7F2565BB5E00A5013E /* View */,
				47A2FC802565BB6700A5013E /* Controller */,
				0831EF992553497600D6EFFC /* AppDelegate.swift */,
				0831EF9B2553497600D6EFFC /* SceneDelegate.swift */,
				8BF09B852562FB8300D881D9 /* FavoriteViewController.swift */,
				0890AF63256DCB9E00525E41 /* OnboardingViewController.swift */,
				08FB145C25630E720045919B /* StudentMentorViewController.swift */,
				08FB145F256327F60045919B /* MacroAreaViewController.swift */,
				087DCD7125784F96008C1667 /* TrailHosting.swift */,
				0831EF9F2553497600D6EFFC /* Main.storyboard */,
				0831EFA22553497700D6EFFC /* Assets.xcassets */,
				0831EFA42553497700D6EFFC /* LaunchScreen.storyboard */,
				08FB1459256306DE0045919B /* StudentMentorUI.swift */,
				082158DB256702F800E54196 /* OnboardingUI.swift */,
				08DD48FF2564898E00BEF67C /* MacroAreaUI.swift */,
				088320B7256DC2B5004D0C9C /* ExtensionColor.swift */,
				0831EFA72553497700D6EFFC /* Info.plist */,
				08A7103325543A17002CB323 /* Fonts */,
			);
			path = TiGuia;
			sourceTree = "<group>";
		};
		08A7103325543A17002CB323 /* Fonts */ = {
			isa = PBXGroup;
			children = (
				08A7103425543A17002CB323 /* Raleway-BoldItalic.ttf */,
				08A7103525543A17002CB323 /* Raleway-MediumItalic.ttf */,
				08A7103625543A17002CB323 /* Raleway-ThinItalic.ttf */,
				08A7103725543A17002CB323 /* Raleway-ExtraLight.ttf */,
				08A7103825543A17002CB323 /* Raleway-Medium.ttf */,
				08A7103925543A17002CB323 /* Raleway-SemiBold.ttf */,
				08A7103A25543A17002CB323 /* Raleway-ExtraBold.ttf */,
				08A7103B25543A17002CB323 /* Raleway-ExtraBoldItalic.ttf */,
				08A7103C25543A17002CB323 /* Raleway-Regular.ttf */,
				08A7103D25543A17002CB323 /* Raleway-ExtraLightItalic.ttf */,
				08A7103E25543A17002CB323 /* Raleway-SemiBoldItalic.ttf */,
				08A7103F25543A17002CB323 /* Raleway-Light.ttf */,
				08A7104025543A17002CB323 /* Raleway-Black.ttf */,
				08A7104125543A17002CB323 /* Raleway-BlackItalic.ttf */,
				08A7104225543A17002CB323 /* Raleway-LightItalic.ttf */,
				08A7104325543A17002CB323 /* Raleway-Thin.ttf */,
				08A7104425543A17002CB323 /* Raleway-Italic.ttf */,
				08A7104525543A17002CB323 /* Raleway-Bold.ttf */,
			);
			path = Fonts;
			sourceTree = "<group>";
		};
		47A2FC7E2565BB5300A5013E /* Model */ = {
			isa = PBXGroup;
			children = (
				47A2FC812565BB9E00A5013E /* Category.swift */,
				47A2FC842565BBBC00A5013E /* Student.swift */,
				47A2FC872565BBCE00A5013E /* Mentor.swift */,
				47A2FC8A2565BBF800A5013E /* Subcategory.swift */,
				47A2FC8D2565BC0A00A5013E /* Link.swift */,
				47A2FC902565BC2900A5013E /* Favorite.swift */,
				47A2FCA4256D9BF900A5013E /* Data.swift */,
			);
			name = Model;
			sourceTree = "<group>";
		};
		47A2FC7F2565BB5E00A5013E /* View */ = {
			isa = PBXGroup;
			children = (
				47F3F00225637AF80007B7B1 /* CardCategory.swift */,
				08631441257704B00083DB37 /* SubCardLink.swift */,
				47F3EFFF25636F160007B7B1 /* CardLink.swift */,
				4780500225630A4F0004919D /* CategoryView.swift */,
				47A2FCA0256D9A8000A5013E /* SubcategoryView.swift */,
				8B3DAF4B25645094002FEE6E /* FavoriteList.swift */,
			);
			name = View;
			sourceTree = "<group>";
		};
		47A2FC802565BB6700A5013E /* Controller */ = {
			isa = PBXGroup;
			children = (
				4741B04825702A90008B0873 /* CardCategoryViewController.swift */,
				8B8CC9552571911B00489CFB /* SubcategoryViewController.swift */,
			);
			path = Controller;
			sourceTree = "<group>";
		};
		50F284CDA64B0B50DB155990 /* Frameworks */ = {
			isa = PBXGroup;
			children = (
				ADB1C8E3F18B32085B059A10 /* Pods_TiGuia.framework */,
			);
			name = Frameworks;
			sourceTree = "<group>";
		};
		657953A7B58E407686F9EFDE /* Pods */ = {
			isa = PBXGroup;
			children = (
				FF9F6E8A65367280734B8D8B /* Pods-TiGuia.debug.xcconfig */,
				34EEFAA7AAED50B9A86EC451 /* Pods-TiGuia.release.xcconfig */,
			);
			path = Pods;
			sourceTree = "<group>";
		};
/* End PBXGroup section */

/* Begin PBXNativeTarget section */
		0831EF952553497600D6EFFC /* TiGuia */ = {
			isa = PBXNativeTarget;
			buildConfigurationList = 0831EFAA2553497700D6EFFC /* Build configuration list for PBXNativeTarget "TiGuia" */;
			buildPhases = (
				D95BBCAA3AE4DF4C036CE768 /* [CP] Check Pods Manifest.lock */,
				0831EF922553497600D6EFFC /* Sources */,
				0831EF932553497600D6EFFC /* Frameworks */,
				0831EF942553497600D6EFFC /* Resources */,
				08F26C53255DBB4700DA3378 /* ShellScript */,
			);
			buildRules = (
			);
			dependencies = (
			);
			name = TiGuia;
			productName = TiGuia;
			productReference = 0831EF962553497600D6EFFC /* TiGuia.app */;
			productType = "com.apple.product-type.application";
		};
/* End PBXNativeTarget section */

/* Begin PBXProject section */
		0831EF8E2553497600D6EFFC /* Project object */ = {
			isa = PBXProject;
			attributes = {
				LastSwiftUpdateCheck = 1210;
				LastUpgradeCheck = 1210;
				TargetAttributes = {
					0831EF952553497600D6EFFC = {
						CreatedOnToolsVersion = 12.1;
					};
				};
			};
			buildConfigurationList = 0831EF912553497600D6EFFC /* Build configuration list for PBXProject "TiGuia" */;
			compatibilityVersion = "Xcode 9.3";
			developmentRegion = en;
			hasScannedForEncodings = 0;
			knownRegions = (
				en,
				Base,
			);
			mainGroup = 0831EF8D2553497600D6EFFC;
			productRefGroup = 0831EF972553497600D6EFFC /* Products */;
			projectDirPath = "";
			projectRoot = "";
			targets = (
				0831EF952553497600D6EFFC /* TiGuia */,
			);
		};
/* End PBXProject section */

/* Begin PBXResourcesBuildPhase section */
		0831EF942553497600D6EFFC /* Resources */ = {
			isa = PBXResourcesBuildPhase;
			buildActionMask = 2147483647;
			files = (
				08A7104B25543A17002CB323 /* Raleway-SemiBold.ttf in Resources */,
				08A7104F25543A17002CB323 /* Raleway-ExtraLightItalic.ttf in Resources */,
				08A7104D25543A17002CB323 /* Raleway-ExtraBoldItalic.ttf in Resources */,
				0831EFA62553497700D6EFFC /* LaunchScreen.storyboard in Resources */,
				08A7104A25543A17002CB323 /* Raleway-Medium.ttf in Resources */,
				08A7105525543A17002CB323 /* Raleway-Thin.ttf in Resources */,
				08A7105625543A17002CB323 /* Raleway-Italic.ttf in Resources */,
				08A7105725543A17002CB323 /* Raleway-Bold.ttf in Resources */,
				08A7105025543A17002CB323 /* Raleway-SemiBoldItalic.ttf in Resources */,
				08A7105125543A17002CB323 /* Raleway-Light.ttf in Resources */,
				0831EFA32553497700D6EFFC /* Assets.xcassets in Resources */,
				08A7104725543A17002CB323 /* Raleway-MediumItalic.ttf in Resources */,
				0831EFA12553497600D6EFFC /* Main.storyboard in Resources */,
				08A7104E25543A17002CB323 /* Raleway-Regular.ttf in Resources */,
				08A7105425543A17002CB323 /* Raleway-LightItalic.ttf in Resources */,
				08A7104C25543A17002CB323 /* Raleway-ExtraBold.ttf in Resources */,
				08A7105225543A17002CB323 /* Raleway-Black.ttf in Resources */,
				08A7104625543A17002CB323 /* Raleway-BoldItalic.ttf in Resources */,
				08A7104925543A17002CB323 /* Raleway-ExtraLight.ttf in Resources */,
				08A7104825543A17002CB323 /* Raleway-ThinItalic.ttf in Resources */,
				08A7105325543A17002CB323 /* Raleway-BlackItalic.ttf in Resources */,
			);
			runOnlyForDeploymentPostprocessing = 0;
		};
/* End PBXResourcesBuildPhase section */

/* Begin PBXShellScriptBuildPhase section */
		08F26C53255DBB4700DA3378 /* ShellScript */ = {
			isa = PBXShellScriptBuildPhase;
			buildActionMask = 2147483647;
			files = (
			);
			inputFileListPaths = (
			);
			inputPaths = (
			);
			outputFileListPaths = (
			);
			outputPaths = (
			);
			runOnlyForDeploymentPostprocessing = 0;
			shellPath = /bin/sh;
			shellScript = "# Type a script or drag a script file from your workspace to insert its path.\n${PODS_ROOT}/SwiftLint/swiftlint\n";
		};
		D95BBCAA3AE4DF4C036CE768 /* [CP] Check Pods Manifest.lock */ = {
			isa = PBXShellScriptBuildPhase;
			buildActionMask = 2147483647;
			files = (
			);
			inputFileListPaths = (
			);
			inputPaths = (
				"${PODS_PODFILE_DIR_PATH}/Podfile.lock",
				"${PODS_ROOT}/Manifest.lock",
			);
			name = "[CP] Check Pods Manifest.lock";
			outputFileListPaths = (
			);
			outputPaths = (
				"$(DERIVED_FILE_DIR)/Pods-TiGuia-checkManifestLockResult.txt",
			);
			runOnlyForDeploymentPostprocessing = 0;
			shellPath = /bin/sh;
			shellScript = "diff \"${PODS_PODFILE_DIR_PATH}/Podfile.lock\" \"${PODS_ROOT}/Manifest.lock\" > /dev/null\nif [ $? != 0 ] ; then\n    # print error to STDERR\n    echo \"error: The sandbox is not in sync with the Podfile.lock. Run 'pod install' or update your CocoaPods installation.\" >&2\n    exit 1\nfi\n# This output is used by Xcode 'outputs' to avoid re-running this script phase.\necho \"SUCCESS\" > \"${SCRIPT_OUTPUT_FILE_0}\"\n";
			showEnvVarsInLog = 0;
		};
/* End PBXShellScriptBuildPhase section */

/* Begin PBXSourcesBuildPhase section */
		0831EF922553497600D6EFFC /* Sources */ = {
			isa = PBXSourcesBuildPhase;
			buildActionMask = 2147483647;
			files = (
				47A2FC882565BBCE00A5013E /* Mentor.swift in Sources */,
				47A2FCA5256D9BFA00A5013E /* Data.swift in Sources */,
				08631442257704B00083DB37 /* SubCardLink.swift in Sources */,
				47F3F00025636F160007B7B1 /* CardLink.swift in Sources */,
				4780500325630A4F0004919D /* CategoryView.swift in Sources */,
				47F3F00325637AF80007B7B1 /* CardCategory.swift in Sources */,
				47A2FC8E2565BC0A00A5013E /* Link.swift in Sources */,
				4741B04925702A90008B0873 /* CardCategoryViewController.swift in Sources */,
				8B3DAF4C25645094002FEE6E /* FavoriteList.swift in Sources */,
				0831EF9A2553497600D6EFFC /* AppDelegate.swift in Sources */,
				8BF09B862562FB8300D881D9 /* FavoriteViewController.swift in Sources */,
				08FB1460256327F60045919B /* MacroAreaViewController.swift in Sources */,
				08FB145D25630E720045919B /* StudentMentorViewController.swift in Sources */,
				08DD49002564898E00BEF67C /* MacroAreaUI.swift in Sources */,
				0831EF9C2553497600D6EFFC /* SceneDelegate.swift in Sources */,
				082158DC256702F800E54196 /* OnboardingUI.swift in Sources */,
				08FB145A256306DE0045919B /* StudentMentorUI.swift in Sources */,
				47A2FC852565BBBC00A5013E /* Student.swift in Sources */,
				0890AF64256DCB9E00525E41 /* OnboardingViewController.swift in Sources */,
				47A2FC912565BC2900A5013E /* Favorite.swift in Sources */,
				47A2FCA1256D9A8000A5013E /* SubcategoryView.swift in Sources */,
				47A2FC8B2565BBF800A5013E /* Subcategory.swift in Sources */,
				47A2FC822565BB9E00A5013E /* Category.swift in Sources */,
				087DCD7225784F96008C1667 /* TrailHosting.swift in Sources */,
				088320B8256DC2B5004D0C9C /* ExtensionColor.swift in Sources */,
				8B8CC9562571911B00489CFB /* SubcategoryViewController.swift in Sources */,
			);
			runOnlyForDeploymentPostprocessing = 0;
		};
/* End PBXSourcesBuildPhase section */

/* Begin PBXVariantGroup section */
		0831EF9F2553497600D6EFFC /* Main.storyboard */ = {
			isa = PBXVariantGroup;
			children = (
				0831EFA02553497600D6EFFC /* Base */,
			);
			name = Main.storyboard;
			sourceTree = "<group>";
		};
		0831EFA42553497700D6EFFC /* LaunchScreen.storyboard */ = {
			isa = PBXVariantGroup;
			children = (
				0831EFA52553497700D6EFFC /* Base */,
			);
			name = LaunchScreen.storyboard;
			sourceTree = "<group>";
		};
/* End PBXVariantGroup section */

/* Begin XCBuildConfiguration section */
		0831EFA82553497700D6EFFC /* Debug */ = {
			isa = XCBuildConfiguration;
			buildSettings = {
				ALWAYS_SEARCH_USER_PATHS = NO;
				CLANG_ANALYZER_NONNULL = YES;
				CLANG_ANALYZER_NUMBER_OBJECT_CONVERSION = YES_AGGRESSIVE;
				CLANG_CXX_LANGUAGE_STANDARD = "gnu++14";
				CLANG_CXX_LIBRARY = "libc++";
				CLANG_ENABLE_MODULES = YES;
				CLANG_ENABLE_OBJC_ARC = YES;
				CLANG_ENABLE_OBJC_WEAK = YES;
				CLANG_WARN_BLOCK_CAPTURE_AUTORELEASING = YES;
				CLANG_WARN_BOOL_CONVERSION = YES;
				CLANG_WARN_COMMA = YES;
				CLANG_WARN_CONSTANT_CONVERSION = YES;
				CLANG_WARN_DEPRECATED_OBJC_IMPLEMENTATIONS = YES;
				CLANG_WARN_DIRECT_OBJC_ISA_USAGE = YES_ERROR;
				CLANG_WARN_DOCUMENTATION_COMMENTS = YES;
				CLANG_WARN_EMPTY_BODY = YES;
				CLANG_WARN_ENUM_CONVERSION = YES;
				CLANG_WARN_INFINITE_RECURSION = YES;
				CLANG_WARN_INT_CONVERSION = YES;
				CLANG_WARN_NON_LITERAL_NULL_CONVERSION = YES;
				CLANG_WARN_OBJC_IMPLICIT_RETAIN_SELF = YES;
				CLANG_WARN_OBJC_LITERAL_CONVERSION = YES;
				CLANG_WARN_OBJC_ROOT_CLASS = YES_ERROR;
				CLANG_WARN_QUOTED_INCLUDE_IN_FRAMEWORK_HEADER = YES;
				CLANG_WARN_RANGE_LOOP_ANALYSIS = YES;
				CLANG_WARN_STRICT_PROTOTYPES = YES;
				CLANG_WARN_SUSPICIOUS_MOVE = YES;
				CLANG_WARN_UNGUARDED_AVAILABILITY = YES_AGGRESSIVE;
				CLANG_WARN_UNREACHABLE_CODE = YES;
				CLANG_WARN__DUPLICATE_METHOD_MATCH = YES;
				COPY_PHASE_STRIP = NO;
				DEBUG_INFORMATION_FORMAT = dwarf;
				ENABLE_STRICT_OBJC_MSGSEND = YES;
				ENABLE_TESTABILITY = YES;
				GCC_C_LANGUAGE_STANDARD = gnu11;
				GCC_DYNAMIC_NO_PIC = NO;
				GCC_NO_COMMON_BLOCKS = YES;
				GCC_OPTIMIZATION_LEVEL = 0;
				GCC_PREPROCESSOR_DEFINITIONS = (
					"DEBUG=1",
					"$(inherited)",
				);
				GCC_WARN_64_TO_32_BIT_CONVERSION = YES;
				GCC_WARN_ABOUT_RETURN_TYPE = YES_ERROR;
				GCC_WARN_UNDECLARED_SELECTOR = YES;
				GCC_WARN_UNINITIALIZED_AUTOS = YES_AGGRESSIVE;
				GCC_WARN_UNUSED_FUNCTION = YES;
				GCC_WARN_UNUSED_VARIABLE = YES;
				IPHONEOS_DEPLOYMENT_TARGET = 14.1;
				MTL_ENABLE_DEBUG_INFO = INCLUDE_SOURCE;
				MTL_FAST_MATH = YES;
				ONLY_ACTIVE_ARCH = YES;
				SDKROOT = iphoneos;
				SWIFT_ACTIVE_COMPILATION_CONDITIONS = DEBUG;
				SWIFT_OPTIMIZATION_LEVEL = "-Onone";
			};
			name = Debug;
		};
		0831EFA92553497700D6EFFC /* Release */ = {
			isa = XCBuildConfiguration;
			buildSettings = {
				ALWAYS_SEARCH_USER_PATHS = NO;
				CLANG_ANALYZER_NONNULL = YES;
				CLANG_ANALYZER_NUMBER_OBJECT_CONVERSION = YES_AGGRESSIVE;
				CLANG_CXX_LANGUAGE_STANDARD = "gnu++14";
				CLANG_CXX_LIBRARY = "libc++";
				CLANG_ENABLE_MODULES = YES;
				CLANG_ENABLE_OBJC_ARC = YES;
				CLANG_ENABLE_OBJC_WEAK = YES;
				CLANG_WARN_BLOCK_CAPTURE_AUTORELEASING = YES;
				CLANG_WARN_BOOL_CONVERSION = YES;
				CLANG_WARN_COMMA = YES;
				CLANG_WARN_CONSTANT_CONVERSION = YES;
				CLANG_WARN_DEPRECATED_OBJC_IMPLEMENTATIONS = YES;
				CLANG_WARN_DIRECT_OBJC_ISA_USAGE = YES_ERROR;
				CLANG_WARN_DOCUMENTATION_COMMENTS = YES;
				CLANG_WARN_EMPTY_BODY = YES;
				CLANG_WARN_ENUM_CONVERSION = YES;
				CLANG_WARN_INFINITE_RECURSION = YES;
				CLANG_WARN_INT_CONVERSION = YES;
				CLANG_WARN_NON_LITERAL_NULL_CONVERSION = YES;
				CLANG_WARN_OBJC_IMPLICIT_RETAIN_SELF = YES;
				CLANG_WARN_OBJC_LITERAL_CONVERSION = YES;
				CLANG_WARN_OBJC_ROOT_CLASS = YES_ERROR;
				CLANG_WARN_QUOTED_INCLUDE_IN_FRAMEWORK_HEADER = YES;
				CLANG_WARN_RANGE_LOOP_ANALYSIS = YES;
				CLANG_WARN_STRICT_PROTOTYPES = YES;
				CLANG_WARN_SUSPICIOUS_MOVE = YES;
				CLANG_WARN_UNGUARDED_AVAILABILITY = YES_AGGRESSIVE;
				CLANG_WARN_UNREACHABLE_CODE = YES;
				CLANG_WARN__DUPLICATE_METHOD_MATCH = YES;
				COPY_PHASE_STRIP = NO;
				DEBUG_INFORMATION_FORMAT = "dwarf-with-dsym";
				ENABLE_NS_ASSERTIONS = NO;
				ENABLE_STRICT_OBJC_MSGSEND = YES;
				GCC_C_LANGUAGE_STANDARD = gnu11;
				GCC_NO_COMMON_BLOCKS = YES;
				GCC_WARN_64_TO_32_BIT_CONVERSION = YES;
				GCC_WARN_ABOUT_RETURN_TYPE = YES_ERROR;
				GCC_WARN_UNDECLARED_SELECTOR = YES;
				GCC_WARN_UNINITIALIZED_AUTOS = YES_AGGRESSIVE;
				GCC_WARN_UNUSED_FUNCTION = YES;
				GCC_WARN_UNUSED_VARIABLE = YES;
				IPHONEOS_DEPLOYMENT_TARGET = 14.1;
				MTL_ENABLE_DEBUG_INFO = NO;
				MTL_FAST_MATH = YES;
				SDKROOT = iphoneos;
				SWIFT_COMPILATION_MODE = wholemodule;
				SWIFT_OPTIMIZATION_LEVEL = "-O";
				VALIDATE_PRODUCT = YES;
			};
			name = Release;
		};
		0831EFAB2553497700D6EFFC /* Debug */ = {
			isa = XCBuildConfiguration;
			baseConfigurationReference = FF9F6E8A65367280734B8D8B /* Pods-TiGuia.debug.xcconfig */;
			buildSettings = {
				ASSETCATALOG_COMPILER_APPICON_NAME = AppIcon;
				ASSETCATALOG_COMPILER_GLOBAL_ACCENT_COLOR_NAME = AccentColor;
				CODE_SIGN_STYLE = Automatic;
				DEVELOPMENT_TEAM = SJND557DN4;
				INFOPLIST_FILE = TiGuia/Info.plist;
				LD_RUNPATH_SEARCH_PATHS = (
					"$(inherited)",
					"@executable_path/Frameworks",
				);
				PRODUCT_BUNDLE_IDENTIFIER = br.ufpe.cin.academy.TiGuia;
				PRODUCT_NAME = "$(TARGET_NAME)";
				SWIFT_VERSION = 5.0;
				TARGETED_DEVICE_FAMILY = 1;
			};
			name = Debug;
		};
		0831EFAC2553497700D6EFFC /* Release */ = {
			isa = XCBuildConfiguration;
			baseConfigurationReference = 34EEFAA7AAED50B9A86EC451 /* Pods-TiGuia.release.xcconfig */;
			buildSettings = {
				ASSETCATALOG_COMPILER_APPICON_NAME = AppIcon;
				ASSETCATALOG_COMPILER_GLOBAL_ACCENT_COLOR_NAME = AccentColor;
				CODE_SIGN_STYLE = Automatic;
				DEVELOPMENT_TEAM = SJND557DN4;
				INFOPLIST_FILE = TiGuia/Info.plist;
				LD_RUNPATH_SEARCH_PATHS = (
					"$(inherited)",
					"@executable_path/Frameworks",
				);
				PRODUCT_BUNDLE_IDENTIFIER = br.ufpe.cin.academy.TiGuia;
				PRODUCT_NAME = "$(TARGET_NAME)";
				SWIFT_VERSION = 5.0;
				TARGETED_DEVICE_FAMILY = 1;
			};
			name = Release;
		};
/* End XCBuildConfiguration section */

/* Begin XCConfigurationList section */
		0831EF912553497600D6EFFC /* Build configuration list for PBXProject "TiGuia" */ = {
			isa = XCConfigurationList;
			buildConfigurations = (
				0831EFA82553497700D6EFFC /* Debug */,
				0831EFA92553497700D6EFFC /* Release */,
			);
			defaultConfigurationIsVisible = 0;
			defaultConfigurationName = Release;
		};
		0831EFAA2553497700D6EFFC /* Build configuration list for PBXNativeTarget "TiGuia" */ = {
			isa = XCConfigurationList;
			buildConfigurations = (
				0831EFAB2553497700D6EFFC /* Debug */,
				0831EFAC2553497700D6EFFC /* Release */,
			);
			defaultConfigurationIsVisible = 0;
			defaultConfigurationName = Release;
		};
/* End XCConfigurationList section */
	};
	rootObject = 0831EF8E2553497600D6EFFC /* Project object */;
}
